
Microsoft Visual Studio Solution File, Format Version 12.00
# Visual Studio Version 16
VisualStudioVersion = 16.0.31911.196
MinimumVisualStudioVersion = 10.0.40219.1
Project("{9A19103F-16F7-4668-BE54-9A1E7A4F7556}") = "ds.enovia.dslc.tests", "ds.enovia.dslc.tests\ds.enovia.dslc.tests.csproj", "{214A00FC-28AF-4836-BEA1-1B7F04D9E46A}"
EndProject
Project("{9A19103F-16F7-4668-BE54-9A1E7A4F7556}") = "ds.enovia.dslc", "..\ds.enovia.dslc\ds.enovia.dslc.csproj", "{9D6F729A-F7CF-4A1D-AD84-D0A105E44385}"
EndProject
Project("{9A19103F-16F7-4668-BE54-9A1E7A4F7556}") = "ds.authentication", "..\ds.authentication\ds.authentication.csproj", "{CA4C1E32-05EE-4F68-8E38-D880C0B14197}"
EndProject
Project("{9A19103F-16F7-4668-BE54-9A1E7A4F7556}") = "ds.enovia.dseng", "..\ds.enovia.dseng\ds.enovia.dseng.csproj", "{6A7902A0-3D62-4D66-A287-7F58710036A6}"
EndProject
Project("{9A19103F-16F7-4668-BE54-9A1E7A4F7556}") = "ds.enovia.common", "..\ds.enovia.common\ds.enovia.common.csproj", "{B4F98B62-2521-4133-8B89-0F247120AF09}"
EndProject
Global
	GlobalSection(SolutionConfigurationPlatforms) = preSolution
		Debug|Any CPU = Debug|Any CPU
		Release|Any CPU = Release|Any CPU
	EndGlobalSection
	GlobalSection(ProjectConfigurationPlatforms) = postSolution
		{214A00FC-28AF-4836-BEA1-1B7F04D9E46A}.Debug|Any CPU.ActiveCfg = Debug|Any CPU
		{214A00FC-28AF-4836-BEA1-1B7F04D9E46A}.Debug|Any CPU.Build.0 = Debug|Any CPU
		{214A00FC-28AF-4836-BEA1-1B7F04D9E46A}.Release|Any CPU.ActiveCfg = Release|Any CPU
		{214A00FC-28AF-4836-BEA1-1B7F04D9E46A}.Release|Any CPU.Build.0 = Release|Any CPU
		{9D6F729A-F7CF-4A1D-AD84-D0A105E44385}.Debug|Any CPU.ActiveCfg = Debug|Any CPU
		{9D6F729A-F7CF-4A1D-AD84-D0A105E44385}.Debug|Any CPU.Build.0 = Debug|Any CPU
		{9D6F729A-F7CF-4A1D-AD84-D0A105E44385}.Release|Any CPU.ActiveCfg = Release|Any CPU
		{9D6F729A-F7CF-4A1D-AD84-D0A105E44385}.Release|Any CPU.Build.0 = Release|Any CPU
		{CA4C1E32-05EE-4F68-8E38-D880C0B14197}.Debug|Any CPU.ActiveCfg = Debug|Any CPU
		{CA4C1E32-05EE-4F68-8E38-D880C0B14197}.Debug|Any CPU.Build.0 = Debug|Any CPU
		{CA4C1E32-05EE-4F68-8E38-D880C0B14197}.Release|Any CPU.ActiveCfg = Release|Any CPU
		{CA4C1E32-05EE-4F68-8E38-D880C0B14197}.Release|Any CPU.Build.0 = Release|Any CPU
		{6A7902A0-3D62-4D66-A287-7F58710036A6}.Debug|Any CPU.ActiveCfg = Debug|Any CPU
		{6A7902A0-3D62-4D66-A287-7F58710036A6}.Debug|Any CPU.Build.0 = Debug|Any CPU
		{6A7902A0-3D62-4D66-A287-7F58710036A6}.Release|Any CPU.ActiveCfg = Release|Any CPU
		{6A7902A0-3D62-4D66-A287-7F58710036A6}.Release|Any CPU.Build.0 = Release|Any CPU
		{B4F98B62-2521-4133-8B89-0F247120AF09}.Debug|Any CPU.ActiveCfg = Debug|Any CPU
		{B4F98B62-2521-4133-8B89-0F247120AF09}.Debug|Any CPU.Build.0 = Debug|Any CPU
		{B4F98B62-2521-4133-8B89-0F247120AF09}.Release|Any CPU.ActiveCfg = Release|Any CPU
		{B4F98B62-2521-4133-8B89-0F247120AF09}.Release|Any CPU.Build.0 = Release|Any CPU
	EndGlobalSection
	GlobalSection(SolutionProperties) = preSolution
		HideSolutionNode = FALSE
	EndGlobalSection
	GlobalSection(ExtensibilityGlobals) = postSolution
		SolutionGuid = {0F620A6F-3AFF-4EE1-9015-65A5499FF88B}
	EndGlobalSection
EndGlobal
