
Microsoft Visual Studio Solution File, Format Version 12.00
# Visual Studio Version 16
VisualStudioVersion = 16.0.32802.440
MinimumVisualStudioVersion = 10.0.40219.1
Project("{9A19103F-16F7-4668-BE54-9A1E7A4F7556}") = "ds.enovia.bookmark", "ds.enovia.bookmark.csproj", "{1DC88F01-860A-4928-AC05-5294C6BB5F49}"
EndProject
Global
	GlobalSection(SolutionConfigurationPlatforms) = preSolution
		Debug|Any CPU = Debug|Any CPU
		Release|Any CPU = Release|Any CPU
	EndGlobalSection
	GlobalSection(ProjectConfigurationPlatforms) = postSolution
		{1DC88F01-860A-4928-AC05-5294C6BB5F49}.Debug|Any CPU.ActiveCfg = Debug|Any CPU
		{1DC88F01-860A-4928-AC05-5294C6BB5F49}.Debug|Any CPU.Build.0 = Debug|Any CPU
		{1DC88F01-860A-4928-AC05-5294C6BB5F49}.Release|Any CPU.ActiveCfg = Release|Any CPU
		{1DC88F01-860A-4928-AC05-5294C6BB5F49}.Release|Any CPU.Build.0 = Release|Any CPU
	EndGlobalSection
	GlobalSection(SolutionProperties) = preSolution
		HideSolutionNode = FALSE
	EndGlobalSection
	GlobalSection(ExtensibilityGlobals) = postSolution
		SolutionGuid = {79897083-8BED-4B9F-A6E9-FB4D46BA6F18}
	EndGlobalSection
EndGlobal
